// !$*UTF8*$!
{
	archiveVersion = 1;
	classes = {
	};
	objectVersion = 56;
	objects = {

/* Begin PBXBuildFile section */
		FCD31DC82C1762E60027EC4F /* LandmarksApp.swift in Sources */ = {isa = PBXBuildFile; fileRef = FCD31DC72C1762E60027EC4F /* LandmarksApp.swift */; };
		FCD31DCA2C1762E60027EC4F /* ContentView.swift in Sources */ = {isa = PBXBuildFile; fileRef = FCD31DC92C1762E60027EC4F /* ContentView.swift */; };
		FCD31DCC2C1762E80027EC4F /* Assets.xcassets in Resources */ = {isa = PBXBuildFile; fileRef = FCD31DCB2C1762E80027EC4F /* Assets.xcassets */; };
		FCD31DCF2C1762E80027EC4F /* Preview Assets.xcassets in Resources */ = {isa = PBXBuildFile; fileRef = FCD31DCE2C1762E80027EC4F /* Preview Assets.xcassets */; };
		FCD31DD62C17649C0027EC4F /* CircleImage.swift in Sources */ = {isa = PBXBuildFile; fileRef = FCD31DD52C17649C0027EC4F /* CircleImage.swift */; };
		FCD31DD82C17651A0027EC4F /* MapView.swift in Sources */ = {isa = PBXBuildFile; fileRef = FCD31DD72C17651A0027EC4F /* MapView.swift */; };
		FCD31DDA2C17667F0027EC4F /* landmarkData.json in Resources */ = {isa = PBXBuildFile; fileRef = FCD31DD92C17667F0027EC4F /* landmarkData.json */; };
		FCD31DDC2C1766990027EC4F /* Landmark.swift in Sources */ = {isa = PBXBuildFile; fileRef = FCD31DDB2C1766990027EC4F /* Landmark.swift */; };
		FCD31DDE2C1767E10027EC4F /* ModelData.swift in Sources */ = {isa = PBXBuildFile; fileRef = FCD31DDD2C1767E10027EC4F /* ModelData.swift */; };
		FCD31DE32C176C9D0027EC4F /* LandmarkRow.swift in Sources */ = {isa = PBXBuildFile; fileRef = FCD31DE22C176C9C0027EC4F /* LandmarkRow.swift */; };
		FCD31DE62C176DBC0027EC4F /* LandmarkList.swift in Sources */ = {isa = PBXBuildFile; fileRef = FCD31DE52C176DBC0027EC4F /* LandmarkList.swift */; };
		FCD31DE82C176EE40027EC4F /* LandmarkDetail.swift in Sources */ = {isa = PBXBuildFile; fileRef = FCD31DE72C176EE40027EC4F /* LandmarkDetail.swift */; };
		FCD31DEA2C1777DF0027EC4F /* FavoriteButton.swift in Sources */ = {isa = PBXBuildFile; fileRef = FCD31DE92C1777DF0027EC4F /* FavoriteButton.swift */; };
/* End PBXBuildFile section */

/* Begin PBXFileReference section */
		FCD31DC42C1762E60027EC4F /* Landmarks.app */ = {isa = PBXFileReference; explicitFileType = wrapper.application; includeInIndex = 0; path = Landmarks.app; sourceTree = BUILT_PRODUCTS_DIR; };
		FCD31DC72C1762E60027EC4F /* LandmarksApp.swift */ = {isa = PBXFileReference; lastKnownFileType = sourcecode.swift; path = LandmarksApp.swift; sourceTree = "<group>"; };
		FCD31DC92C1762E60027EC4F /* ContentView.swift */ = {isa = PBXFileReference; lastKnownFileType = sourcecode.swift; path = ContentView.swift; sourceTree = "<group>"; };
		FCD31DCB2C1762E80027EC4F /* Assets.xcassets */ = {isa = PBXFileReference; lastKnownFileType = folder.assetcatalog; path = Assets.xcassets; sourceTree = "<group>"; };
		FCD31DCE2C1762E80027EC4F /* Preview Assets.xcassets */ = {isa = PBXFileReference; lastKnownFileType = folder.assetcatalog; path = "Preview Assets.xcassets"; sourceTree = "<group>"; };
		FCD31DD52C17649C0027EC4F /* CircleImage.swift */ = {isa = PBXFileReference; lastKnownFileType = sourcecode.swift; path = CircleImage.swift; sourceTree = "<group>"; };
		FCD31DD72C17651A0027EC4F /* MapView.swift */ = {isa = PBXFileReference; lastKnownFileType = sourcecode.swift; path = MapView.swift; sourceTree = "<group>"; };
		FCD31DD92C17667F0027EC4F /* landmarkData.json */ = {isa = PBXFileReference; fileEncoding = 4; lastKnownFileType = text.json; path = landmarkData.json; sourceTree = "<group>"; };
		FCD31DDB2C1766990027EC4F /* Landmark.swift */ = {isa = PBXFileReference; lastKnownFileType = sourcecode.swift; path = Landmark.swift; sourceTree = "<group>"; };
		FCD31DDD2C1767E10027EC4F /* ModelData.swift */ = {isa = PBXFileReference; lastKnownFileType = sourcecode.swift; path = ModelData.swift; sourceTree = "<group>"; };
		FCD31DE22C176C9C0027EC4F /* LandmarkRow.swift */ = {isa = PBXFileReference; lastKnownFileType = sourcecode.swift; path = LandmarkRow.swift; sourceTree = "<group>"; };
		FCD31DE52C176DBC0027EC4F /* LandmarkList.swift */ = {isa = PBXFileReference; lastKnownFileType = sourcecode.swift; path = LandmarkList.swift; sourceTree = "<group>"; };
		FCD31DE72C176EE40027EC4F /* LandmarkDetail.swift */ = {isa = PBXFileReference; lastKnownFileType = sourcecode.swift; path = LandmarkDetail.swift; sourceTree = "<group>"; };
		FCD31DE92C1777DF0027EC4F /* FavoriteButton.swift */ = {isa = PBXFileReference; lastKnownFileType = sourcecode.swift; path = FavoriteButton.swift; sourceTree = "<group>"; };
/* End PBXFileReference section */

/* Begin PBXFrameworksBuildPhase section */
		FCD31DC12C1762E60027EC4F /* Frameworks */ = {
			isa = PBXFrameworksBuildPhase;
			buildActionMask = 2147483647;
			files = (
			);
			runOnlyForDeploymentPostprocessing = 0;
		};
/* End PBXFrameworksBuildPhase section */

/* Begin PBXGroup section */
		FCD31DBB2C1762E60027EC4F = {
			isa = PBXGroup;
			children = (
				FCD31DC62C1762E60027EC4F /* Landmarks */,
				FCD31DC52C1762E60027EC4F /* Products */,
			);
			sourceTree = "<group>";
		};
		FCD31DC52C1762E60027EC4F /* Products */ = {
			isa = PBXGroup;
			children = (
				FCD31DC42C1762E60027EC4F /* Landmarks.app */,
			);
			name = Products;
			sourceTree = "<group>";
		};
		FCD31DC62C1762E60027EC4F /* Landmarks */ = {
			isa = PBXGroup;
			children = (
				FCD31DE12C176C270027EC4F /* Resources */,
				FCD31DE02C176C080027EC4F /* Model */,
				FCD31DC72C1762E60027EC4F /* LandmarksApp.swift */,
				FCD31DCB2C1762E80027EC4F /* Assets.xcassets */,
				FCD31DDF2C176BEC0027EC4F /* Views */,
				FCD31DCD2C1762E80027EC4F /* Preview Content */,
			);
			path = Landmarks;
			sourceTree = "<group>";
		};
		FCD31DCD2C1762E80027EC4F /* Preview Content */ = {
			isa = PBXGroup;
			children = (
				FCD31DCE2C1762E80027EC4F /* Preview Assets.xcassets */,
			);
			path = "Preview Content";
			sourceTree = "<group>";
		};
		FCD31DDF2C176BEC0027EC4F /* Views */ = {
			isa = PBXGroup;
			children = (
				FCD31DEC2C1778680027EC4F /* Helper */,
				FCD31DEB2C17785D0027EC4F /* Landmarks */,
				FCD31DC92C1762E60027EC4F /* ContentView.swift */,
			);
			path = Views;
			sourceTree = "<group>";
		};
		FCD31DE02C176C080027EC4F /* Model */ = {
			isa = PBXGroup;
			children = (
				FCD31DDB2C1766990027EC4F /* Landmark.swift */,
				FCD31DDD2C1767E10027EC4F /* ModelData.swift */,
			);
			path = Model;
			sourceTree = "<group>";
		};
		FCD31DE12C176C270027EC4F /* Resources */ = {
			isa = PBXGroup;
			children = (
				FCD31DD92C17667F0027EC4F /* landmarkData.json */,
			);
			path = Resources;
			sourceTree = "<group>";
		};
		FCD31DEB2C17785D0027EC4F /* Landmarks */ = {
			isa = PBXGroup;
			children = (
				FCD31DE22C176C9C0027EC4F /* LandmarkRow.swift */,
				FCD31DE52C176DBC0027EC4F /* LandmarkList.swift */,
				FCD31DE72C176EE40027EC4F /* LandmarkDetail.swift */,
			);
			path = Landmarks;
			sourceTree = "<group>";
		};
		FCD31DEC2C1778680027EC4F /* Helper */ = {
			isa = PBXGroup;
			children = (
				FCD31DD52C17649C0027EC4F /* CircleImage.swift */,
				FCD31DD72C17651A0027EC4F /* MapView.swift */,
				FCD31DE92C1777DF0027EC4F /* FavoriteButton.swift */,
			);
			path = Helper;
			sourceTree = "<group>";
		};
/* End PBXGroup section */

/* Begin PBXNativeTarget section */
		FCD31DC32C1762E60027EC4F /* Landmarks */ = {
			isa = PBXNativeTarget;
			buildConfigurationList = FCD31DD22C1762E80027EC4F /* Build configuration list for PBXNativeTarget "Landmarks" */;
			buildPhases = (
				FCD31DC02C1762E60027EC4F /* Sources */,
				FCD31DC12C1762E60027EC4F /* Frameworks */,
				FCD31DC22C1762E60027EC4F /* Resources */,
			);
			buildRules = (
			);
			dependencies = (
			);
			name = Landmarks;
			productName = Landmarks;
			productReference = FCD31DC42C1762E60027EC4F /* Landmarks.app */;
			productType = "com.apple.product-type.application";
		};
/* End PBXNativeTarget section */

/* Begin PBXProject section */
		FCD31DBC2C1762E60027EC4F /* Project object */ = {
			isa = PBXProject;
			attributes = {
				BuildIndependentTargetsInParallel = 1;
				LastSwiftUpdateCheck = 1520;
				LastUpgradeCheck = 1520;
				TargetAttributes = {
					FCD31DC32C1762E60027EC4F = {
						CreatedOnToolsVersion = 15.2;
					};
				};
			};
			buildConfigurationList = FCD31DBF2C1762E60027EC4F /* Build configuration list for PBXProject "Landmarks" */;
			compatibilityVersion = "Xcode 14.0";
			developmentRegion = en;
			hasScannedForEncodings = 0;
			knownRegions = (
				en,
				Base,
			);
			mainGroup = FCD31DBB2C1762E60027EC4F;
			productRefGroup = FCD31DC52C1762E60027EC4F /* Products */;
			projectDirPath = "";
			projectRoot = "";
			targets = (
				FCD31DC32C1762E60027EC4F /* Landmarks */,
			);
		};
/* End PBXProject section */

/* Begin PBXResourcesBuildPhase section */
		FCD31DC22C1762E60027EC4F /* Resources */ = {
			isa = PBXResourcesBuildPhase;
			buildActionMask = 2147483647;
			files = (
				FCD31DCF2C1762E80027EC4F /* Preview Assets.xcassets in Resources */,
				FCD31DCC2C1762E80027EC4F /* Assets.xcassets in Resources */,
				FCD31DDA2C17667F0027EC4F /* landmarkData.json in Resources */,
			);
			runOnlyForDeploymentPostprocessing = 0;
		};
/* End PBXResourcesBuildPhase section */

/* Begin PBXSourcesBuildPhase section */
		FCD31DC02C1762E60027EC4F /* Sources */ = {
			isa = PBXSourcesBuildPhase;
			buildActionMask = 2147483647;
			files = (
				FCD31DCA2C1762E60027EC4F /* ContentView.swift in Sources */,
				FCD31DD82C17651A0027EC4F /* MapView.swift in Sources */,
				FCD31DC82C1762E60027EC4F /* LandmarksApp.swift in Sources */,
				FCD31DEA2C1777DF0027EC4F /* FavoriteButton.swift in Sources */,
				FCD31DE62C176DBC0027EC4F /* LandmarkList.swift in Sources */,
				FCD31DE82C176EE40027EC4F /* LandmarkDetail.swift in Sources */,
				FCD31DD62C17649C0027EC4F /* CircleImage.swift in Sources */,
				FCD31DDC2C1766990027EC4F /* Landmark.swift in Sources */,
				FCD31DE32C176C9D0027EC4F /* LandmarkRow.swift in Sources */,
				FCD31DDE2C1767E10027EC4F /* ModelData.swift in Sources */,
			);
			runOnlyForDeploymentPostprocessing = 0;
		};
/* End PBXSourcesBuildPhase section */

/* Begin XCBuildConfiguration section */
		FCD31DD02C1762E80027EC4F /* Debug */ = {
			isa = XCBuildConfiguration;
			buildSettings = {
				ALWAYS_SEARCH_USER_PATHS = NO;
				ASSETCATALOG_COMPILER_GENERATE_SWIFT_ASSET_SYMBOL_EXTENSIONS = YES;
				CLANG_ANALYZER_NONNULL = YES;
				CLANG_ANALYZER_NUMBER_OBJECT_CONVERSION = YES_AGGRESSIVE;
				CLANG_CXX_LANGUAGE_STANDARD = "gnu++20";
				CLANG_ENABLE_MODULES = YES;
				CLANG_ENABLE_OBJC_ARC = YES;
				CLANG_ENABLE_OBJC_WEAK = YES;
				CLANG_WARN_BLOCK_CAPTURE_AUTORELEASING = YES;
				CLANG_WARN_BOOL_CONVERSION = YES;
				CLANG_WARN_COMMA = YES;
				CLANG_WARN_CONSTANT_CONVERSION = YES;
				CLANG_WARN_DEPRECATED_OBJC_IMPLEMENTATIONS = YES;
				CLANG_WARN_DIRECT_OBJC_ISA_USAGE = YES_ERROR;
				CLANG_WARN_DOCUMENTATION_COMMENTS = YES;
				CLANG_WARN_EMPTY_BODY = YES;
				CLANG_WARN_ENUM_CONVERSION = YES;
				CLANG_WARN_INFINITE_RECURSION = YES;
				CLANG_WARN_INT_CONVERSION = YES;
				CLANG_WARN_NON_LITERAL_NULL_CONVERSION = YES;
				CLANG_WARN_OBJC_IMPLICIT_RETAIN_SELF = YES;
				CLANG_WARN_OBJC_LITERAL_CONVERSION = YES;
				CLANG_WARN_OBJC_ROOT_CLASS = YES_ERROR;
				CLANG_WARN_QUOTED_INCLUDE_IN_FRAMEWORK_HEADER = YES;
				CLANG_WARN_RANGE_LOOP_ANALYSIS = YES;
				CLANG_WARN_STRICT_PROTOTYPES = YES;
				CLANG_WARN_SUSPICIOUS_MOVE = YES;
				CLANG_WARN_UNGUARDED_AVAILABILITY = YES_AGGRESSIVE;
				CLANG_WARN_UNREACHABLE_CODE = YES;
				CLANG_WARN__DUPLICATE_METHOD_MATCH = YES;
				COPY_PHASE_STRIP = NO;
				DEBUG_INFORMATION_FORMAT = dwarf;
				ENABLE_STRICT_OBJC_MSGSEND = YES;
				ENABLE_TESTABILITY = YES;
				ENABLE_USER_SCRIPT_SANDBOXING = YES;
				GCC_C_LANGUAGE_STANDARD = gnu17;
				GCC_DYNAMIC_NO_PIC = NO;
				GCC_NO_COMMON_BLOCKS = YES;
				GCC_OPTIMIZATION_LEVEL = 0;
				GCC_PREPROCESSOR_DEFINITIONS = (
					"DEBUG=1",
					"$(inherited)",
				);
				GCC_WARN_64_TO_32_BIT_CONVERSION = YES;
				GCC_WARN_ABOUT_RETURN_TYPE = YES_ERROR;
				GCC_WARN_UNDECLARED_SELECTOR = YES;
				GCC_WARN_UNINITIALIZED_AUTOS = YES_AGGRESSIVE;
				GCC_WARN_UNUSED_FUNCTION = YES;
				GCC_WARN_UNUSED_VARIABLE = YES;
				IPHONEOS_DEPLOYMENT_TARGET = 17.2;
				LOCALIZATION_PREFERS_STRING_CATALOGS = YES;
				MTL_ENABLE_DEBUG_INFO = INCLUDE_SOURCE;
				MTL_FAST_MATH = YES;
				ONLY_ACTIVE_ARCH = YES;
				SDKROOT = iphoneos;
				SWIFT_ACTIVE_COMPILATION_CONDITIONS = "DEBUG $(inherited)";
				SWIFT_OPTIMIZATION_LEVEL = "-Onone";
			};
			name = Debug;
		};
		FCD31DD12C1762E80027EC4F /* Release */ = {
			isa = XCBuildConfiguration;
			buildSettings = {
				ALWAYS_SEARCH_USER_PATHS = NO;
				ASSETCATALOG_COMPILER_GENERATE_SWIFT_ASSET_SYMBOL_EXTENSIONS = YES;
				CLANG_ANALYZER_NONNULL = YES;
				CLANG_ANALYZER_NUMBER_OBJECT_CONVERSION = YES_AGGRESSIVE;
				CLANG_CXX_LANGUAGE_STANDARD = "gnu++20";
				CLANG_ENABLE_MODULES = YES;
				CLANG_ENABLE_OBJC_ARC = YES;
				CLANG_ENABLE_OBJC_WEAK = YES;
				CLANG_WARN_BLOCK_CAPTURE_AUTORELEASING = YES;
				CLANG_WARN_BOOL_CONVERSION = YES;
				CLANG_WARN_COMMA = YES;
				CLANG_WARN_CONSTANT_CONVERSION = YES;
				CLANG_WARN_DEPRECATED_OBJC_IMPLEMENTATIONS = YES;
				CLANG_WARN_DIRECT_OBJC_ISA_USAGE = YES_ERROR;
				CLANG_WARN_DOCUMENTATION_COMMENTS = YES;
				CLANG_WARN_EMPTY_BODY = YES;
				CLANG_WARN_ENUM_CONVERSION = YES;
				CLANG_WARN_INFINITE_RECURSION = YES;
				CLANG_WARN_INT_CONVERSION = YES;
				CLANG_WARN_NON_LITERAL_NULL_CONVERSION = YES;
				CLANG_WARN_OBJC_IMPLICIT_RETAIN_SELF = YES;
				CLANG_WARN_OBJC_LITERAL_CONVERSION = YES;
				CLANG_WARN_OBJC_ROOT_CLASS = YES_ERROR;
				CLANG_WARN_QUOTED_INCLUDE_IN_FRAMEWORK_HEADER = YES;
				CLANG_WARN_RANGE_LOOP_ANALYSIS = YES;
				CLANG_WARN_STRICT_PROTOTYPES = YES;
				CLANG_WARN_SUSPICIOUS_MOVE = YES;
				CLANG_WARN_UNGUARDED_AVAILABILITY = YES_AGGRESSIVE;
				CLANG_WARN_UNREACHABLE_CODE = YES;
				CLANG_WARN__DUPLICATE_METHOD_MATCH = YES;
				COPY_PHASE_STRIP = NO;
				DEBUG_INFORMATION_FORMAT = "dwarf-with-dsym";
				ENABLE_NS_ASSERTIONS = NO;
				ENABLE_STRICT_OBJC_MSGSEND = YES;
				ENABLE_USER_SCRIPT_SANDBOXING = YES;
				GCC_C_LANGUAGE_STANDARD = gnu17;
				GCC_NO_COMMON_BLOCKS = YES;
				GCC_WARN_64_TO_32_BIT_CONVERSION = YES;
				GCC_WARN_ABOUT_RETURN_TYPE = YES_ERROR;
				GCC_WARN_UNDECLARED_SELECTOR = YES;
				GCC_WARN_UNINITIALIZED_AUTOS = YES_AGGRESSIVE;
				GCC_WARN_UNUSED_FUNCTION = YES;
				GCC_WARN_UNUSED_VARIABLE = YES;
				IPHONEOS_DEPLOYMENT_TARGET = 17.2;
				LOCALIZATION_PREFERS_STRING_CATALOGS = YES;
				MTL_ENABLE_DEBUG_INFO = NO;
				MTL_FAST_MATH = YES;
				SDKROOT = iphoneos;
				SWIFT_COMPILATION_MODE = wholemodule;
				VALIDATE_PRODUCT = YES;
			};
			name = Release;
		};
		FCD31DD32C1762E80027EC4F /* Debug */ = {
			isa = XCBuildConfiguration;
			buildSettings = {
				ASSETCATALOG_COMPILER_APPICON_NAME = AppIcon;
				ASSETCATALOG_COMPILER_GLOBAL_ACCENT_COLOR_NAME = AccentColor;
				CODE_SIGN_STYLE = Automatic;
				CURRENT_PROJECT_VERSION = 1;
				DEVELOPMENT_ASSET_PATHS = "\"Landmarks/Preview Content\"";
				DEVELOPMENT_TEAM = 46TTB6J9DZ;
				ENABLE_PREVIEWS = YES;
				GENERATE_INFOPLIST_FILE = YES;
				INFOPLIST_KEY_UIApplicationSceneManifest_Generation = YES;
				INFOPLIST_KEY_UIApplicationSupportsIndirectInputEvents = YES;
				INFOPLIST_KEY_UILaunchScreen_Generation = YES;
				INFOPLIST_KEY_UISupportedInterfaceOrientations_iPad = "UIInterfaceOrientationPortrait UIInterfaceOrientationPortraitUpsideDown UIInterfaceOrientationLandscapeLeft UIInterfaceOrientationLandscapeRight";
				INFOPLIST_KEY_UISupportedInterfaceOrientations_iPhone = "UIInterfaceOrientationPortrait UIInterfaceOrientationLandscapeLeft UIInterfaceOrientationLandscapeRight";
				LD_RUNPATH_SEARCH_PATHS = (
					"$(inherited)",
					"@executable_path/Frameworks",
				);
				MARKETING_VERSION = 1.0;
				PRODUCT_BUNDLE_IDENTIFIER = com.dylan.Landmarks;
				PRODUCT_NAME = "$(TARGET_NAME)";
				SWIFT_EMIT_LOC_STRINGS = YES;
				SWIFT_VERSION = 5.0;
				TARGETED_DEVICE_FAMILY = "1,2";
			};
			name = Debug;
		};
		FCD31DD42C1762E80027EC4F /* Release */ = {
			isa = XCBuildConfiguration;
			buildSettings = {
				ASSETCATALOG_COMPILER_APPICON_NAME = AppIcon;
				ASSETCATALOG_COMPILER_GLOBAL_ACCENT_COLOR_NAME = AccentColor;
				CODE_SIGN_STYLE = Automatic;
				CURRENT_PROJECT_VERSION = 1;
				DEVELOPMENT_ASSET_PATHS = "\"Landmarks/Preview Content\"";
				DEVELOPMENT_TEAM = 46TTB6J9DZ;
				ENABLE_PREVIEWS = YES;
				GENERATE_INFOPLIST_FILE = YES;
				INFOPLIST_KEY_UIApplicationSceneManifest_Generation = YES;
				INFOPLIST_KEY_UIApplicationSupportsIndirectInputEvents = YES;
				INFOPLIST_KEY_UILaunchScreen_Generation = YES;
				INFOPLIST_KEY_UISupportedInterfaceOrientations_iPad = "UIInterfaceOrientationPortrait UIInterfaceOrientationPortraitUpsideDown UIInterfaceOrientationLandscapeLeft UIInterfaceOrientationLandscapeRight";
				INFOPLIST_KEY_UISupportedInterfaceOrientations_iPhone = "UIInterfaceOrientationPortrait UIInterfaceOrientationLandscapeLeft UIInterfaceOrientationLandscapeRight";
				LD_RUNPATH_SEARCH_PATHS = (
					"$(inherited)",
					"@executable_path/Frameworks",
				);
				MARKETING_VERSION = 1.0;
				PRODUCT_BUNDLE_IDENTIFIER = com.dylan.Landmarks;
				PRODUCT_NAME = "$(TARGET_NAME)";
				SWIFT_EMIT_LOC_STRINGS = YES;
				SWIFT_VERSION = 5.0;
				TARGETED_DEVICE_FAMILY = "1,2";
			};
			name = Release;
		};
/* End XCBuildConfiguration section */

/* Begin XCConfigurationList section */
		FCD31DBF2C1762E60027EC4F /* Build configuration list for PBXProject "Landmarks" */ = {
			isa = XCConfigurationList;
			buildConfigurations = (
				FCD31DD02C1762E80027EC4F /* Debug */,
				FCD31DD12C1762E80027EC4F /* Release */,
			);
			defaultConfigurationIsVisible = 0;
			defaultConfigurationName = Release;
		};
		FCD31DD22C1762E80027EC4F /* Build configuration list for PBXNativeTarget "Landmarks" */ = {
			isa = XCConfigurationList;
			buildConfigurations = (
				FCD31DD32C1762E80027EC4F /* Debug */,
				FCD31DD42C1762E80027EC4F /* Release */,
			);
			defaultConfigurationIsVisible = 0;
			defaultConfigurationName = Release;
		};
/* End XCConfigurationList section */
	};
	rootObject = FCD31DBC2C1762E60027EC4F /* Project object */;
}
